
Microsoft Visual Studio Solution File, Format Version 12.00
# Visual Studio Version 17
VisualStudioVersion = 17.9.34723.18
MinimumVisualStudioVersion = 10.0.40219.1
Project("{9A19103F-16F7-4668-BE54-9A1E7A4F7556}") = "AtCoderCs", "AtCoderCs\AtCoderCs.csproj", "{89411DA5-7A2C-48CE-B8E3-78BA17AEE1B4}"
EndProject
Project("{9A19103F-16F7-4668-BE54-9A1E7A4F7556}") = "AtCoder.Common", "AtCoder.Common\AtCoder.Common.csproj", "{32FDB8CA-7BD5-4EEF-ADBA-7F2C30B550FA}"
EndProject
Project("{9A19103F-16F7-4668-BE54-9A1E7A4F7556}") = "ABC", "AtCoder.Beginner.Contest\ABC.csproj", "{A7BBEB3E-E55B-4718-B92B-25AAE1ED7E3C}"
EndProject
Project("{9A19103F-16F7-4668-BE54-9A1E7A4F7556}") = "ARC", "AtCoder.Regular.Contest\ARC.csproj", "{8D7F4739-03F5-4F8B-86D8-3760462020D4}"
EndProject
Project("{9A19103F-16F7-4668-BE54-9A1E7A4F7556}") = "Training", "Training\Training.csproj", "{9555A891-4912-40A7-B81E-B451DFBE86B6}"
EndProject
Project("{9A19103F-16F7-4668-BE54-9A1E7A4F7556}") = "Typical.Problem", "Typical.Problem\Typical.Problem.csproj", "{6A2B5424-1699-4BE6-B28F-B6DDB36BC896}"
EndProject
Project("{9A19103F-16F7-4668-BE54-9A1E7A4F7556}") = "Contest", "Contest\Contest.csproj", "{C60E5803-68F8-4589-94CD-0279B422424E}"
EndProject
Project("{9A19103F-16F7-4668-BE54-9A1E7A4F7556}") = "Contest.Tests", "Contest.Tests\Contest.Tests.csproj", "{AF328567-040D-47B1-BC9A-044720E59A53}"
EndProject
Project("{9A19103F-16F7-4668-BE54-9A1E7A4F7556}") = "Training.Tests", "Training.Tests\Training.Tests.csproj", "{AE3D7179-6266-4DA5-B756-7F646A840890}"
EndProject
Project("{9A19103F-16F7-4668-BE54-9A1E7A4F7556}") = "Sample", "Sample\Sample.csproj", "{A67C93F4-BC93-4539-8507-AF595C898C64}"
EndProject
Project("{9A19103F-16F7-4668-BE54-9A1E7A4F7556}") = "AtCoderCs.Common", "AtCoderCs.Common\AtCoderCs.Common.csproj", "{5811E7C3-3FCC-4523-8996-9F6FB8091D53}"
EndProject
Project("{FAE04EC0-301F-11D3-BF4B-00C04F79EFBC}") = "Tests.Contents", "Tests.Contents\Tests.Contents.csproj", "{20F312EC-0FDE-401C-B837-01A5A880D60F}"
EndProject
Project("{FAE04EC0-301F-11D3-BF4B-00C04F79EFBC}") = "AtCoderCs.Contest", "AtCoderCs.Contest\AtCoderCs.Contest.csproj", "{76CD4E64-4EA0-49C7-9766-B12C6045557E}"
EndProject
Project("{FAE04EC0-301F-11D3-BF4B-00C04F79EFBC}") = "AtCoderCsTest.Contest.Tests", "AtCoderCsTest.Contest.Tests\AtCoderCsTest.Contest.Tests.csproj", "{5224A704-22C9-4E3D-A7BB-69DDFFA0E216}"
EndProject
Project("{FAE04EC0-301F-11D3-BF4B-00C04F79EFBC}") = "AtCoderCsTest.Contents", "AtCoderCsTest.Contents\AtCoderCsTest.Contents.csproj", "{B9415CF8-D98A-476A-9CDD-D33808F46F90}"
EndProject
Project("{FAE04EC0-301F-11D3-BF4B-00C04F79EFBC}") = "AtCoderCs.Training", "AtCoderCs.Training\AtCoderCs.Training.csproj", "{0E98508D-831E-4BAE-8AF2-E45C7877B21B}"
EndProject
Project("{FAE04EC0-301F-11D3-BF4B-00C04F79EFBC}") = "AtCoderCsTest.Training.Tests", "AtCoderCsTest.Training.Tests\AtCoderCsTest.Training.Tests.csproj", "{51582DEB-4670-467D-A033-0DCE91A7434B}"
EndProject
Project("{2150E333-8FDC-42A3-9474-1A3956D46DE8}") = "SolutionItems", "SolutionItems", "{DDB4EF12-CC4E-5E88-E6FC-71A802F4DE97}"
	ProjectSection(SolutionItems) = preProject
		.editorconfig = .editorconfig
	EndProjectSection
EndProject
Global
	GlobalSection(SolutionConfigurationPlatforms) = preSolution
		Contest|Any CPU = Contest|Any CPU
		Debug|Any CPU = Debug|Any CPU
		Practice|Any CPU = Practice|Any CPU
		Release|Any CPU = Release|Any CPU
	EndGlobalSection
	GlobalSection(ProjectConfigurationPlatforms) = postSolution
		{89411DA5-7A2C-48CE-B8E3-78BA17AEE1B4}.Contest|Any CPU.ActiveCfg = Debug|Any CPU
		{89411DA5-7A2C-48CE-B8E3-78BA17AEE1B4}.Debug|Any CPU.ActiveCfg = Debug|Any CPU
		{89411DA5-7A2C-48CE-B8E3-78BA17AEE1B4}.Debug|Any CPU.Build.0 = Debug|Any CPU
		{89411DA5-7A2C-48CE-B8E3-78BA17AEE1B4}.Practice|Any CPU.ActiveCfg = Debug|Any CPU
		{89411DA5-7A2C-48CE-B8E3-78BA17AEE1B4}.Practice|Any CPU.Build.0 = Debug|Any CPU
		{89411DA5-7A2C-48CE-B8E3-78BA17AEE1B4}.Release|Any CPU.ActiveCfg = Release|Any CPU
		{89411DA5-7A2C-48CE-B8E3-78BA17AEE1B4}.Release|Any CPU.Build.0 = Release|Any CPU
		{32FDB8CA-7BD5-4EEF-ADBA-7F2C30B550FA}.Contest|Any CPU.ActiveCfg = Debug|Any CPU
		{32FDB8CA-7BD5-4EEF-ADBA-7F2C30B550FA}.Debug|Any CPU.ActiveCfg = Debug|Any CPU
		{32FDB8CA-7BD5-4EEF-ADBA-7F2C30B550FA}.Debug|Any CPU.Build.0 = Debug|Any CPU
		{32FDB8CA-7BD5-4EEF-ADBA-7F2C30B550FA}.Practice|Any CPU.ActiveCfg = Debug|Any CPU
		{32FDB8CA-7BD5-4EEF-ADBA-7F2C30B550FA}.Release|Any CPU.ActiveCfg = Release|Any CPU
		{32FDB8CA-7BD5-4EEF-ADBA-7F2C30B550FA}.Release|Any CPU.Build.0 = Release|Any CPU
		{A7BBEB3E-E55B-4718-B92B-25AAE1ED7E3C}.Contest|Any CPU.ActiveCfg = Debug|Any CPU
		{A7BBEB3E-E55B-4718-B92B-25AAE1ED7E3C}.Debug|Any CPU.ActiveCfg = Debug|Any CPU
		{A7BBEB3E-E55B-4718-B92B-25AAE1ED7E3C}.Practice|Any CPU.ActiveCfg = Debug|Any CPU
		{A7BBEB3E-E55B-4718-B92B-25AAE1ED7E3C}.Release|Any CPU.ActiveCfg = Release|Any CPU
		{A7BBEB3E-E55B-4718-B92B-25AAE1ED7E3C}.Release|Any CPU.Build.0 = Release|Any CPU
		{8D7F4739-03F5-4F8B-86D8-3760462020D4}.Contest|Any CPU.ActiveCfg = Debug|Any CPU
		{8D7F4739-03F5-4F8B-86D8-3760462020D4}.Debug|Any CPU.ActiveCfg = Debug|Any CPU
		{8D7F4739-03F5-4F8B-86D8-3760462020D4}.Practice|Any CPU.ActiveCfg = Debug|Any CPU
		{8D7F4739-03F5-4F8B-86D8-3760462020D4}.Release|Any CPU.ActiveCfg = Release|Any CPU
		{8D7F4739-03F5-4F8B-86D8-3760462020D4}.Release|Any CPU.Build.0 = Release|Any CPU
		{9555A891-4912-40A7-B81E-B451DFBE86B6}.Contest|Any CPU.ActiveCfg = Debug|Any CPU
		{9555A891-4912-40A7-B81E-B451DFBE86B6}.Debug|Any CPU.ActiveCfg = Debug|Any CPU
		{9555A891-4912-40A7-B81E-B451DFBE86B6}.Debug|Any CPU.Build.0 = Debug|Any CPU
		{9555A891-4912-40A7-B81E-B451DFBE86B6}.Practice|Any CPU.ActiveCfg = Debug|Any CPU
		{9555A891-4912-40A7-B81E-B451DFBE86B6}.Release|Any CPU.ActiveCfg = Release|Any CPU
		{9555A891-4912-40A7-B81E-B451DFBE86B6}.Release|Any CPU.Build.0 = Release|Any CPU
		{6A2B5424-1699-4BE6-B28F-B6DDB36BC896}.Contest|Any CPU.ActiveCfg = Debug|Any CPU
		{6A2B5424-1699-4BE6-B28F-B6DDB36BC896}.Debug|Any CPU.ActiveCfg = Debug|Any CPU
		{6A2B5424-1699-4BE6-B28F-B6DDB36BC896}.Practice|Any CPU.ActiveCfg = Debug|Any CPU
		{6A2B5424-1699-4BE6-B28F-B6DDB36BC896}.Release|Any CPU.ActiveCfg = Release|Any CPU
		{6A2B5424-1699-4BE6-B28F-B6DDB36BC896}.Release|Any CPU.Build.0 = Release|Any CPU
		{C60E5803-68F8-4589-94CD-0279B422424E}.Contest|Any CPU.ActiveCfg = Debug|Any CPU
		{C60E5803-68F8-4589-94CD-0279B422424E}.Contest|Any CPU.Build.0 = Debug|Any CPU
		{C60E5803-68F8-4589-94CD-0279B422424E}.Debug|Any CPU.ActiveCfg = Debug|Any CPU
		{C60E5803-68F8-4589-94CD-0279B422424E}.Debug|Any CPU.Build.0 = Debug|Any CPU
		{C60E5803-68F8-4589-94CD-0279B422424E}.Practice|Any CPU.ActiveCfg = Debug|Any CPU
		{C60E5803-68F8-4589-94CD-0279B422424E}.Practice|Any CPU.Build.0 = Debug|Any CPU
		{C60E5803-68F8-4589-94CD-0279B422424E}.Release|Any CPU.ActiveCfg = Release|Any CPU
		{C60E5803-68F8-4589-94CD-0279B422424E}.Release|Any CPU.Build.0 = Release|Any CPU
		{AF328567-040D-47B1-BC9A-044720E59A53}.Contest|Any CPU.ActiveCfg = Contest|Any CPU
		{AF328567-040D-47B1-BC9A-044720E59A53}.Contest|Any CPU.Build.0 = Contest|Any CPU
		{AF328567-040D-47B1-BC9A-044720E59A53}.Debug|Any CPU.ActiveCfg = Debug|Any CPU
		{AF328567-040D-47B1-BC9A-044720E59A53}.Debug|Any CPU.Build.0 = Debug|Any CPU
		{AF328567-040D-47B1-BC9A-044720E59A53}.Practice|Any CPU.ActiveCfg = Practice|Any CPU
		{AF328567-040D-47B1-BC9A-044720E59A53}.Practice|Any CPU.Build.0 = Practice|Any CPU
		{AF328567-040D-47B1-BC9A-044720E59A53}.Release|Any CPU.ActiveCfg = Release|Any CPU
		{AF328567-040D-47B1-BC9A-044720E59A53}.Release|Any CPU.Build.0 = Release|Any CPU
		{AE3D7179-6266-4DA5-B756-7F646A840890}.Contest|Any CPU.ActiveCfg = Debug|Any CPU
		{AE3D7179-6266-4DA5-B756-7F646A840890}.Debug|Any CPU.ActiveCfg = Debug|Any CPU
		{AE3D7179-6266-4DA5-B756-7F646A840890}.Debug|Any CPU.Build.0 = Debug|Any CPU
		{AE3D7179-6266-4DA5-B756-7F646A840890}.Practice|Any CPU.ActiveCfg = Debug|Any CPU
		{AE3D7179-6266-4DA5-B756-7F646A840890}.Release|Any CPU.ActiveCfg = Release|Any CPU
		{AE3D7179-6266-4DA5-B756-7F646A840890}.Release|Any CPU.Build.0 = Release|Any CPU
		{A67C93F4-BC93-4539-8507-AF595C898C64}.Contest|Any CPU.ActiveCfg = Debug|Any CPU
		{A67C93F4-BC93-4539-8507-AF595C898C64}.Debug|Any CPU.ActiveCfg = Debug|Any CPU
		{A67C93F4-BC93-4539-8507-AF595C898C64}.Practice|Any CPU.ActiveCfg = Debug|Any CPU
		{A67C93F4-BC93-4539-8507-AF595C898C64}.Release|Any CPU.ActiveCfg = Release|Any CPU
		{5811E7C3-3FCC-4523-8996-9F6FB8091D53}.Contest|Any CPU.ActiveCfg = Debug|Any CPU
		{5811E7C3-3FCC-4523-8996-9F6FB8091D53}.Contest|Any CPU.Build.0 = Debug|Any CPU
		{5811E7C3-3FCC-4523-8996-9F6FB8091D53}.Debug|Any CPU.ActiveCfg = Debug|Any CPU
		{5811E7C3-3FCC-4523-8996-9F6FB8091D53}.Debug|Any CPU.Build.0 = Debug|Any CPU
		{5811E7C3-3FCC-4523-8996-9F6FB8091D53}.Practice|Any CPU.ActiveCfg = Debug|Any CPU
		{5811E7C3-3FCC-4523-8996-9F6FB8091D53}.Practice|Any CPU.Build.0 = Debug|Any CPU
		{5811E7C3-3FCC-4523-8996-9F6FB8091D53}.Release|Any CPU.ActiveCfg = Release|Any CPU
		{5811E7C3-3FCC-4523-8996-9F6FB8091D53}.Release|Any CPU.Build.0 = Release|Any CPU
		{20F312EC-0FDE-401C-B837-01A5A880D60F}.Contest|Any CPU.ActiveCfg = Debug|Any CPU
		{20F312EC-0FDE-401C-B837-01A5A880D60F}.Contest|Any CPU.Build.0 = Debug|Any CPU
		{20F312EC-0FDE-401C-B837-01A5A880D60F}.Debug|Any CPU.ActiveCfg = Debug|Any CPU
		{20F312EC-0FDE-401C-B837-01A5A880D60F}.Debug|Any CPU.Build.0 = Debug|Any CPU
		{20F312EC-0FDE-401C-B837-01A5A880D60F}.Practice|Any CPU.ActiveCfg = Release|Any CPU
		{20F312EC-0FDE-401C-B837-01A5A880D60F}.Practice|Any CPU.Build.0 = Release|Any CPU
		{20F312EC-0FDE-401C-B837-01A5A880D60F}.Release|Any CPU.ActiveCfg = Release|Any CPU
		{20F312EC-0FDE-401C-B837-01A5A880D60F}.Release|Any CPU.Build.0 = Release|Any CPU
		{76CD4E64-4EA0-49C7-9766-B12C6045557E}.Contest|Any CPU.ActiveCfg = Debug|Any CPU
		{76CD4E64-4EA0-49C7-9766-B12C6045557E}.Contest|Any CPU.Build.0 = Debug|Any CPU
		{76CD4E64-4EA0-49C7-9766-B12C6045557E}.Debug|Any CPU.ActiveCfg = Debug|Any CPU
		{76CD4E64-4EA0-49C7-9766-B12C6045557E}.Debug|Any CPU.Build.0 = Debug|Any CPU
		{76CD4E64-4EA0-49C7-9766-B12C6045557E}.Practice|Any CPU.ActiveCfg = Release|Any CPU
		{76CD4E64-4EA0-49C7-9766-B12C6045557E}.Practice|Any CPU.Build.0 = Release|Any CPU
		{76CD4E64-4EA0-49C7-9766-B12C6045557E}.Release|Any CPU.ActiveCfg = Release|Any CPU
		{76CD4E64-4EA0-49C7-9766-B12C6045557E}.Release|Any CPU.Build.0 = Release|Any CPU
		{5224A704-22C9-4E3D-A7BB-69DDFFA0E216}.Contest|Any CPU.ActiveCfg = Debug|Any CPU
		{5224A704-22C9-4E3D-A7BB-69DDFFA0E216}.Contest|Any CPU.Build.0 = Debug|Any CPU
		{5224A704-22C9-4E3D-A7BB-69DDFFA0E216}.Debug|Any CPU.ActiveCfg = Debug|Any CPU
		{5224A704-22C9-4E3D-A7BB-69DDFFA0E216}.Debug|Any CPU.Build.0 = Debug|Any CPU
		{5224A704-22C9-4E3D-A7BB-69DDFFA0E216}.Practice|Any CPU.ActiveCfg = Release|Any CPU
		{5224A704-22C9-4E3D-A7BB-69DDFFA0E216}.Practice|Any CPU.Build.0 = Release|Any CPU
		{5224A704-22C9-4E3D-A7BB-69DDFFA0E216}.Release|Any CPU.ActiveCfg = Release|Any CPU
		{5224A704-22C9-4E3D-A7BB-69DDFFA0E216}.Release|Any CPU.Build.0 = Release|Any CPU
		{B9415CF8-D98A-476A-9CDD-D33808F46F90}.Contest|Any CPU.ActiveCfg = Debug|Any CPU
		{B9415CF8-D98A-476A-9CDD-D33808F46F90}.Contest|Any CPU.Build.0 = Debug|Any CPU
		{B9415CF8-D98A-476A-9CDD-D33808F46F90}.Debug|Any CPU.ActiveCfg = Debug|Any CPU
		{B9415CF8-D98A-476A-9CDD-D33808F46F90}.Debug|Any CPU.Build.0 = Debug|Any CPU
		{B9415CF8-D98A-476A-9CDD-D33808F46F90}.Practice|Any CPU.ActiveCfg = Release|Any CPU
		{B9415CF8-D98A-476A-9CDD-D33808F46F90}.Practice|Any CPU.Build.0 = Release|Any CPU
		{B9415CF8-D98A-476A-9CDD-D33808F46F90}.Release|Any CPU.ActiveCfg = Release|Any CPU
		{B9415CF8-D98A-476A-9CDD-D33808F46F90}.Release|Any CPU.Build.0 = Release|Any CPU
		{0E98508D-831E-4BAE-8AF2-E45C7877B21B}.Contest|Any CPU.ActiveCfg = Debug|Any CPU
		{0E98508D-831E-4BAE-8AF2-E45C7877B21B}.Contest|Any CPU.Build.0 = Debug|Any CPU
		{0E98508D-831E-4BAE-8AF2-E45C7877B21B}.Debug|Any CPU.ActiveCfg = Debug|Any CPU
		{0E98508D-831E-4BAE-8AF2-E45C7877B21B}.Debug|Any CPU.Build.0 = Debug|Any CPU
		{0E98508D-831E-4BAE-8AF2-E45C7877B21B}.Practice|Any CPU.ActiveCfg = Release|Any CPU
		{0E98508D-831E-4BAE-8AF2-E45C7877B21B}.Practice|Any CPU.Build.0 = Release|Any CPU
		{0E98508D-831E-4BAE-8AF2-E45C7877B21B}.Release|Any CPU.ActiveCfg = Release|Any CPU
		{0E98508D-831E-4BAE-8AF2-E45C7877B21B}.Release|Any CPU.Build.0 = Release|Any CPU
		{51582DEB-4670-467D-A033-0DCE91A7434B}.Contest|Any CPU.ActiveCfg = Debug|Any CPU
		{51582DEB-4670-467D-A033-0DCE91A7434B}.Contest|Any CPU.Build.0 = Debug|Any CPU
		{51582DEB-4670-467D-A033-0DCE91A7434B}.Debug|Any CPU.ActiveCfg = Debug|Any CPU
		{51582DEB-4670-467D-A033-0DCE91A7434B}.Debug|Any CPU.Build.0 = Debug|Any CPU
		{51582DEB-4670-467D-A033-0DCE91A7434B}.Practice|Any CPU.ActiveCfg = Release|Any CPU
		{51582DEB-4670-467D-A033-0DCE91A7434B}.Practice|Any CPU.Build.0 = Release|Any CPU
		{51582DEB-4670-467D-A033-0DCE91A7434B}.Release|Any CPU.ActiveCfg = Release|Any CPU
		{51582DEB-4670-467D-A033-0DCE91A7434B}.Release|Any CPU.Build.0 = Release|Any CPU
	EndGlobalSection
	GlobalSection(SolutionProperties) = preSolution
		HideSolutionNode = FALSE
	EndGlobalSection
	GlobalSection(ExtensibilityGlobals) = postSolution
		SolutionGuid = {B64276C6-5124-4FBF-9256-04AA59AA45AC}
	EndGlobalSection
EndGlobal
