
Microsoft Visual Studio Solution File, Format Version 12.00
# Visual Studio Version 17
VisualStudioVersion = 17.9.34723.18
MinimumVisualStudioVersion = 10.0.40219.1
Project("{9A19103F-16F7-4668-BE54-9A1E7A4F7556}") = "AtCoderCs", "AtCoderCs\AtCoderCs.csproj", "{89411DA5-7A2C-48CE-B8E3-78BA17AEE1B4}"
EndProject
Project("{9A19103F-16F7-4668-BE54-9A1E7A4F7556}") = "AtCoder.Common", "AtCoder.Common\AtCoder.Common.csproj", "{32FDB8CA-7BD5-4EEF-ADBA-7F2C30B550FA}"
EndProject
Project("{9A19103F-16F7-4668-BE54-9A1E7A4F7556}") = "ABC", "AtCoder.Beginner.Contest\ABC.csproj", "{A7BBEB3E-E55B-4718-B92B-25AAE1ED7E3C}"
EndProject
Project("{9A19103F-16F7-4668-BE54-9A1E7A4F7556}") = "ARC", "AtCoder.Regular.Contest\ARC.csproj", "{8D7F4739-03F5-4F8B-86D8-3760462020D4}"
EndProject
Project("{9A19103F-16F7-4668-BE54-9A1E7A4F7556}") = "Training", "Training\Training.csproj", "{9555A891-4912-40A7-B81E-B451DFBE86B6}"
EndProject
Project("{9A19103F-16F7-4668-BE54-9A1E7A4F7556}") = "Typical.Problem", "Typical.Problem\Typical.Problem.csproj", "{6A2B5424-1699-4BE6-B28F-B6DDB36BC896}"
EndProject
Project("{9A19103F-16F7-4668-BE54-9A1E7A4F7556}") = "Contest", "Contest\Contest.csproj", "{C60E5803-68F8-4589-94CD-0279B422424E}"
EndProject
Project("{9A19103F-16F7-4668-BE54-9A1E7A4F7556}") = "Contest.Tests", "Contest.Tests\Contest.Tests.csproj", "{AF328567-040D-47B1-BC9A-044720E59A53}"
EndProject
Project("{FAE04EC0-301F-11D3-BF4B-00C04F79EFBC}") = "Training.Tests", "Training.Tests\Training.Tests.csproj", "{AE3D7179-6266-4DA5-B756-7F646A840890}"
EndProject
Global
	GlobalSection(SolutionConfigurationPlatforms) = preSolution
		All|Any CPU = All|Any CPU
		Contest|Any CPU = Contest|Any CPU
		Debug|Any CPU = Debug|Any CPU
		Practice|Any CPU = Practice|Any CPU
		Release|Any CPU = Release|Any CPU
	EndGlobalSection
	GlobalSection(ProjectConfigurationPlatforms) = postSolution
		{89411DA5-7A2C-48CE-B8E3-78BA17AEE1B4}.All|Any CPU.ActiveCfg = All|Any CPU
		{89411DA5-7A2C-48CE-B8E3-78BA17AEE1B4}.All|Any CPU.Build.0 = All|Any CPU
		{89411DA5-7A2C-48CE-B8E3-78BA17AEE1B4}.Contest|Any CPU.ActiveCfg = Contest|Any CPU
		{89411DA5-7A2C-48CE-B8E3-78BA17AEE1B4}.Contest|Any CPU.Build.0 = Contest|Any CPU
		{89411DA5-7A2C-48CE-B8E3-78BA17AEE1B4}.Debug|Any CPU.ActiveCfg = Debug|Any CPU
		{89411DA5-7A2C-48CE-B8E3-78BA17AEE1B4}.Debug|Any CPU.Build.0 = Debug|Any CPU
		{89411DA5-7A2C-48CE-B8E3-78BA17AEE1B4}.Practice|Any CPU.ActiveCfg = Practice|Any CPU
		{89411DA5-7A2C-48CE-B8E3-78BA17AEE1B4}.Practice|Any CPU.Build.0 = Practice|Any CPU
		{89411DA5-7A2C-48CE-B8E3-78BA17AEE1B4}.Release|Any CPU.ActiveCfg = Release|Any CPU
		{89411DA5-7A2C-48CE-B8E3-78BA17AEE1B4}.Release|Any CPU.Build.0 = Release|Any CPU
		{32FDB8CA-7BD5-4EEF-ADBA-7F2C30B550FA}.All|Any CPU.ActiveCfg = All|Any CPU
		{32FDB8CA-7BD5-4EEF-ADBA-7F2C30B550FA}.All|Any CPU.Build.0 = All|Any CPU
		{32FDB8CA-7BD5-4EEF-ADBA-7F2C30B550FA}.Contest|Any CPU.ActiveCfg = Contest|Any CPU
		{32FDB8CA-7BD5-4EEF-ADBA-7F2C30B550FA}.Contest|Any CPU.Build.0 = Contest|Any CPU
		{32FDB8CA-7BD5-4EEF-ADBA-7F2C30B550FA}.Debug|Any CPU.ActiveCfg = Debug|Any CPU
		{32FDB8CA-7BD5-4EEF-ADBA-7F2C30B550FA}.Debug|Any CPU.Build.0 = Debug|Any CPU
		{32FDB8CA-7BD5-4EEF-ADBA-7F2C30B550FA}.Practice|Any CPU.ActiveCfg = Practice|Any CPU
		{32FDB8CA-7BD5-4EEF-ADBA-7F2C30B550FA}.Practice|Any CPU.Build.0 = Practice|Any CPU
		{32FDB8CA-7BD5-4EEF-ADBA-7F2C30B550FA}.Release|Any CPU.ActiveCfg = Release|Any CPU
		{32FDB8CA-7BD5-4EEF-ADBA-7F2C30B550FA}.Release|Any CPU.Build.0 = Release|Any CPU
		{A7BBEB3E-E55B-4718-B92B-25AAE1ED7E3C}.All|Any CPU.ActiveCfg = All|Any CPU
		{A7BBEB3E-E55B-4718-B92B-25AAE1ED7E3C}.All|Any CPU.Build.0 = All|Any CPU
		{A7BBEB3E-E55B-4718-B92B-25AAE1ED7E3C}.Contest|Any CPU.ActiveCfg = Contest|Any CPU
		{A7BBEB3E-E55B-4718-B92B-25AAE1ED7E3C}.Contest|Any CPU.Build.0 = Contest|Any CPU
		{A7BBEB3E-E55B-4718-B92B-25AAE1ED7E3C}.Debug|Any CPU.ActiveCfg = Debug|Any CPU
		{A7BBEB3E-E55B-4718-B92B-25AAE1ED7E3C}.Debug|Any CPU.Build.0 = Debug|Any CPU
		{A7BBEB3E-E55B-4718-B92B-25AAE1ED7E3C}.Practice|Any CPU.ActiveCfg = Practice|Any CPU
		{A7BBEB3E-E55B-4718-B92B-25AAE1ED7E3C}.Practice|Any CPU.Build.0 = Practice|Any CPU
		{A7BBEB3E-E55B-4718-B92B-25AAE1ED7E3C}.Release|Any CPU.ActiveCfg = Release|Any CPU
		{A7BBEB3E-E55B-4718-B92B-25AAE1ED7E3C}.Release|Any CPU.Build.0 = Release|Any CPU
		{8D7F4739-03F5-4F8B-86D8-3760462020D4}.All|Any CPU.ActiveCfg = All|Any CPU
		{8D7F4739-03F5-4F8B-86D8-3760462020D4}.All|Any CPU.Build.0 = All|Any CPU
		{8D7F4739-03F5-4F8B-86D8-3760462020D4}.Contest|Any CPU.ActiveCfg = Contest|Any CPU
		{8D7F4739-03F5-4F8B-86D8-3760462020D4}.Contest|Any CPU.Build.0 = Contest|Any CPU
		{8D7F4739-03F5-4F8B-86D8-3760462020D4}.Debug|Any CPU.ActiveCfg = Debug|Any CPU
		{8D7F4739-03F5-4F8B-86D8-3760462020D4}.Debug|Any CPU.Build.0 = Debug|Any CPU
		{8D7F4739-03F5-4F8B-86D8-3760462020D4}.Practice|Any CPU.ActiveCfg = Practice|Any CPU
		{8D7F4739-03F5-4F8B-86D8-3760462020D4}.Practice|Any CPU.Build.0 = Practice|Any CPU
		{8D7F4739-03F5-4F8B-86D8-3760462020D4}.Release|Any CPU.ActiveCfg = Release|Any CPU
		{8D7F4739-03F5-4F8B-86D8-3760462020D4}.Release|Any CPU.Build.0 = Release|Any CPU
		{9555A891-4912-40A7-B81E-B451DFBE86B6}.All|Any CPU.ActiveCfg = All|Any CPU
		{9555A891-4912-40A7-B81E-B451DFBE86B6}.All|Any CPU.Build.0 = All|Any CPU
		{9555A891-4912-40A7-B81E-B451DFBE86B6}.Contest|Any CPU.ActiveCfg = Contest|Any CPU
		{9555A891-4912-40A7-B81E-B451DFBE86B6}.Contest|Any CPU.Build.0 = Contest|Any CPU
		{9555A891-4912-40A7-B81E-B451DFBE86B6}.Debug|Any CPU.ActiveCfg = Debug|Any CPU
		{9555A891-4912-40A7-B81E-B451DFBE86B6}.Debug|Any CPU.Build.0 = Debug|Any CPU
		{9555A891-4912-40A7-B81E-B451DFBE86B6}.Practice|Any CPU.ActiveCfg = Practice|Any CPU
		{9555A891-4912-40A7-B81E-B451DFBE86B6}.Practice|Any CPU.Build.0 = Practice|Any CPU
		{9555A891-4912-40A7-B81E-B451DFBE86B6}.Release|Any CPU.ActiveCfg = Release|Any CPU
		{9555A891-4912-40A7-B81E-B451DFBE86B6}.Release|Any CPU.Build.0 = Release|Any CPU
		{6A2B5424-1699-4BE6-B28F-B6DDB36BC896}.All|Any CPU.ActiveCfg = All|Any CPU
		{6A2B5424-1699-4BE6-B28F-B6DDB36BC896}.All|Any CPU.Build.0 = All|Any CPU
		{6A2B5424-1699-4BE6-B28F-B6DDB36BC896}.Contest|Any CPU.ActiveCfg = Contest|Any CPU
		{6A2B5424-1699-4BE6-B28F-B6DDB36BC896}.Contest|Any CPU.Build.0 = Contest|Any CPU
		{6A2B5424-1699-4BE6-B28F-B6DDB36BC896}.Debug|Any CPU.ActiveCfg = Debug|Any CPU
		{6A2B5424-1699-4BE6-B28F-B6DDB36BC896}.Debug|Any CPU.Build.0 = Debug|Any CPU
		{6A2B5424-1699-4BE6-B28F-B6DDB36BC896}.Practice|Any CPU.ActiveCfg = Practice|Any CPU
		{6A2B5424-1699-4BE6-B28F-B6DDB36BC896}.Practice|Any CPU.Build.0 = Practice|Any CPU
		{6A2B5424-1699-4BE6-B28F-B6DDB36BC896}.Release|Any CPU.ActiveCfg = Release|Any CPU
		{6A2B5424-1699-4BE6-B28F-B6DDB36BC896}.Release|Any CPU.Build.0 = Release|Any CPU
		{C60E5803-68F8-4589-94CD-0279B422424E}.All|Any CPU.ActiveCfg = All|Any CPU
		{C60E5803-68F8-4589-94CD-0279B422424E}.All|Any CPU.Build.0 = All|Any CPU
		{C60E5803-68F8-4589-94CD-0279B422424E}.Contest|Any CPU.ActiveCfg = Contest|Any CPU
		{C60E5803-68F8-4589-94CD-0279B422424E}.Contest|Any CPU.Build.0 = Contest|Any CPU
		{C60E5803-68F8-4589-94CD-0279B422424E}.Debug|Any CPU.ActiveCfg = Debug|Any CPU
		{C60E5803-68F8-4589-94CD-0279B422424E}.Debug|Any CPU.Build.0 = Debug|Any CPU
		{C60E5803-68F8-4589-94CD-0279B422424E}.Practice|Any CPU.ActiveCfg = Practice|Any CPU
		{C60E5803-68F8-4589-94CD-0279B422424E}.Practice|Any CPU.Build.0 = Practice|Any CPU
		{C60E5803-68F8-4589-94CD-0279B422424E}.Release|Any CPU.ActiveCfg = Release|Any CPU
		{C60E5803-68F8-4589-94CD-0279B422424E}.Release|Any CPU.Build.0 = Release|Any CPU
		{AF328567-040D-47B1-BC9A-044720E59A53}.All|Any CPU.ActiveCfg = All|Any CPU
		{AF328567-040D-47B1-BC9A-044720E59A53}.All|Any CPU.Build.0 = All|Any CPU
		{AF328567-040D-47B1-BC9A-044720E59A53}.Contest|Any CPU.ActiveCfg = Contest|Any CPU
		{AF328567-040D-47B1-BC9A-044720E59A53}.Contest|Any CPU.Build.0 = Contest|Any CPU
		{AF328567-040D-47B1-BC9A-044720E59A53}.Debug|Any CPU.ActiveCfg = Debug|Any CPU
		{AF328567-040D-47B1-BC9A-044720E59A53}.Debug|Any CPU.Build.0 = Debug|Any CPU
		{AF328567-040D-47B1-BC9A-044720E59A53}.Practice|Any CPU.ActiveCfg = Practice|Any CPU
		{AF328567-040D-47B1-BC9A-044720E59A53}.Practice|Any CPU.Build.0 = Practice|Any CPU
		{AF328567-040D-47B1-BC9A-044720E59A53}.Release|Any CPU.ActiveCfg = Release|Any CPU
		{AF328567-040D-47B1-BC9A-044720E59A53}.Release|Any CPU.Build.0 = Release|Any CPU
		{AE3D7179-6266-4DA5-B756-7F646A840890}.All|Any CPU.ActiveCfg = Debug|Any CPU
		{AE3D7179-6266-4DA5-B756-7F646A840890}.All|Any CPU.Build.0 = Debug|Any CPU
		{AE3D7179-6266-4DA5-B756-7F646A840890}.Contest|Any CPU.ActiveCfg = Debug|Any CPU
		{AE3D7179-6266-4DA5-B756-7F646A840890}.Contest|Any CPU.Build.0 = Debug|Any CPU
		{AE3D7179-6266-4DA5-B756-7F646A840890}.Debug|Any CPU.ActiveCfg = Debug|Any CPU
		{AE3D7179-6266-4DA5-B756-7F646A840890}.Debug|Any CPU.Build.0 = Debug|Any CPU
		{AE3D7179-6266-4DA5-B756-7F646A840890}.Practice|Any CPU.ActiveCfg = Debug|Any CPU
		{AE3D7179-6266-4DA5-B756-7F646A840890}.Practice|Any CPU.Build.0 = Debug|Any CPU
		{AE3D7179-6266-4DA5-B756-7F646A840890}.Release|Any CPU.ActiveCfg = Release|Any CPU
		{AE3D7179-6266-4DA5-B756-7F646A840890}.Release|Any CPU.Build.0 = Release|Any CPU
	EndGlobalSection
	GlobalSection(SolutionProperties) = preSolution
		HideSolutionNode = FALSE
	EndGlobalSection
	GlobalSection(ExtensibilityGlobals) = postSolution
		SolutionGuid = {B64276C6-5124-4FBF-9256-04AA59AA45AC}
	EndGlobalSection
EndGlobal
